
Microsoft Visual Studio Solution File, Format Version 12.00
# Visual Studio Version 17
VisualStudioVersion = 17.13.35825.156 d17.13
MinimumVisualStudioVersion = 10.0.40219.1
Project("{FAE04EC0-301F-11D3-BF4B-00C04F79EFBC}") = "MauiAppTempoAgora", "MauiAppTempoAgora\MauiAppTempoAgora.csproj", "{9E545DA0-AEF1-4A4F-85D3-2877F2832F3E}"
EndProject
Global
	GlobalSection(SolutionConfigurationPlatforms) = preSolution
		Debug|Any CPU = Debug|Any CPU
		Release|Any CPU = Release|Any CPU
	EndGlobalSection
	GlobalSection(ProjectConfigurationPlatforms) = postSolution
		{9E545DA0-AEF1-4A4F-85D3-2877F2832F3E}.Debug|Any CPU.ActiveCfg = Debug|Any CPU
		{9E545DA0-AEF1-4A4F-85D3-2877F2832F3E}.Debug|Any CPU.Build.0 = Debug|Any CPU
		{9E545DA0-AEF1-4A4F-85D3-2877F2832F3E}.Debug|Any CPU.Deploy.0 = Debug|Any CPU
		{9E545DA0-AEF1-4A4F-85D3-2877F2832F3E}.Release|Any CPU.ActiveCfg = Release|Any CPU
		{9E545DA0-AEF1-4A4F-85D3-2877F2832F3E}.Release|Any CPU.Build.0 = Release|Any CPU
		{9E545DA0-AEF1-4A4F-85D3-2877F2832F3E}.Release|Any CPU.Deploy.0 = Release|Any CPU
	EndGlobalSection
	GlobalSection(SolutionProperties) = preSolution
		HideSolutionNode = FALSE
	EndGlobalSection
	GlobalSection(ExtensibilityGlobals) = postSolution
		SolutionGuid = {E08CABC8-41B4-4FAA-9EE1-784B0B3FCECA}
	EndGlobalSection
EndGlobal
